
Microsoft Visual Studio Solution File, Format Version 12.00
# Visual Studio 2013
VisualStudioVersion = 12.0.30501.0
MinimumVisualStudioVersion = 10.0.40219.1
Project("{FAE04EC0-301F-11D3-BF4B-00C04F79EFBC}") = "Banking.WebUI", "Banking\Banking.WebUI.csproj", "{22FEA627-A5F9-480C-B7BB-7354238A4B5D}"
EndProject
Project("{FAE04EC0-301F-11D3-BF4B-00C04F79EFBC}") = "Banking.UnitTests", "Banking.Tests\Banking.UnitTests.csproj", "{135727CE-9E95-488D-B89B-DC170DB84457}"
	ProjectSection(ProjectDependencies) = postProject
		{9B46B9D6-6916-4A78-875F-90F42C1150D7} = {9B46B9D6-6916-4A78-875F-90F42C1150D7}
	EndProjectSection
EndProject
Project("{FAE04EC0-301F-11D3-BF4B-00C04F79EFBC}") = "Banking.Domain", "Banking.Domain\Banking.Domain.csproj", "{9B46B9D6-6916-4A78-875F-90F42C1150D7}"
EndProject
Project("{FAE04EC0-301F-11D3-BF4B-00C04F79EFBC}") = "Banking.IntegrationTest", "Banking.IntegrationTest\Banking.IntegrationTest.csproj", "{D727A7BF-CDB2-4CD1-9973-EA5381877B3A}"
	ProjectSection(ProjectDependencies) = postProject
		{22FEA627-A5F9-480C-B7BB-7354238A4B5D} = {22FEA627-A5F9-480C-B7BB-7354238A4B5D}
		{135727CE-9E95-488D-B89B-DC170DB84457} = {135727CE-9E95-488D-B89B-DC170DB84457}
		{9B46B9D6-6916-4A78-875F-90F42C1150D7} = {9B46B9D6-6916-4A78-875F-90F42C1150D7}
	EndProjectSection
EndProject
Global
	GlobalSection(SolutionConfigurationPlatforms) = preSolution
		Debug|Any CPU = Debug|Any CPU
		Release|Any CPU = Release|Any CPU
	EndGlobalSection
	GlobalSection(ProjectConfigurationPlatforms) = postSolution
		{22FEA627-A5F9-480C-B7BB-7354238A4B5D}.Debug|Any CPU.ActiveCfg = Debug|Any CPU
		{22FEA627-A5F9-480C-B7BB-7354238A4B5D}.Debug|Any CPU.Build.0 = Debug|Any CPU
		{22FEA627-A5F9-480C-B7BB-7354238A4B5D}.Release|Any CPU.ActiveCfg = Release|Any CPU
		{22FEA627-A5F9-480C-B7BB-7354238A4B5D}.Release|Any CPU.Build.0 = Release|Any CPU
		{135727CE-9E95-488D-B89B-DC170DB84457}.Debug|Any CPU.ActiveCfg = Debug|Any CPU
		{135727CE-9E95-488D-B89B-DC170DB84457}.Debug|Any CPU.Build.0 = Debug|Any CPU
		{135727CE-9E95-488D-B89B-DC170DB84457}.Release|Any CPU.ActiveCfg = Release|Any CPU
		{135727CE-9E95-488D-B89B-DC170DB84457}.Release|Any CPU.Build.0 = Release|Any CPU
		{9B46B9D6-6916-4A78-875F-90F42C1150D7}.Debug|Any CPU.ActiveCfg = Debug|Any CPU
		{9B46B9D6-6916-4A78-875F-90F42C1150D7}.Debug|Any CPU.Build.0 = Debug|Any CPU
		{9B46B9D6-6916-4A78-875F-90F42C1150D7}.Release|Any CPU.ActiveCfg = Release|Any CPU
		{9B46B9D6-6916-4A78-875F-90F42C1150D7}.Release|Any CPU.Build.0 = Release|Any CPU
		{D727A7BF-CDB2-4CD1-9973-EA5381877B3A}.Debug|Any CPU.ActiveCfg = Debug|Any CPU
		{D727A7BF-CDB2-4CD1-9973-EA5381877B3A}.Debug|Any CPU.Build.0 = Debug|Any CPU
		{D727A7BF-CDB2-4CD1-9973-EA5381877B3A}.Release|Any CPU.ActiveCfg = Release|Any CPU
		{D727A7BF-CDB2-4CD1-9973-EA5381877B3A}.Release|Any CPU.Build.0 = Release|Any CPU
	EndGlobalSection
	GlobalSection(SolutionProperties) = preSolution
		HideSolutionNode = FALSE
	EndGlobalSection
EndGlobal
